{
  "version": 4,
  "terraform_version": "0.14.6",
  "serial": 32,
  "lineage": "b47ca269-18c4-230c-f0a9-521f87f3f21a",
  "outputs": {
    "hostedZoneName": {
      "value": "4ny96.northeurope.azure.confluent.cloud",
      "type": "string"
    },
    "localNetWorkId": {
      "value": "4ny96",
      "type": "string"
    },
    "resourceGroupId": {
      "value": "/subscriptions/978f6c1e-29e0-4a74-a7a2-3d9ed59de883/resourceGroups/rg-terraform2",
      "type": "string"
    },
    "resourceGroupName": {
      "value": "rg-terraform2",
      "type": "string"
    },
    "subnetId": {
      "value": "/subscriptions/978f6c1e-29e0-4a74-a7a2-3d9ed59de883/resourceGroups/rg-terraform2/providers/Microsoft.Network/virtualNetworks/vnet1/subnets/subnet1",
      "type": "string"
    },
    "subnetNames": {
      "value": "subnet1",
      "type": "string"
    },
    "vnetId": {
      "value": "/subscriptions/978f6c1e-29e0-4a74-a7a2-3d9ed59de883/resourceGroups/rg-terraform2/providers/Microsoft.Network/virtualNetworks/vnet1",
      "type": "string"
    },
    "vnetName": {
      "value": "vnet1",
      "type": "string"
    }
  },
  "resources": [
    {
      "mode": "managed",
      "type": "azurerm_container_group",
      "name": "example",
      "provider": "provider[\"registry.terraform.io/hashicorp/azurerm\"]",
      "instances": [
        {
          "schema_version": 0,
          "attributes": {
            "container": [
              {
                "commands": [],
                "cpu": 0.5,
                "environment_variables": null,
                "gpu": [],
                "image": "microsoft/aci-helloworld:latest",
                "liveness_probe": [],
                "memory": 1.5,
                "name": "hello-world",
                "ports": [
                  {
                    "port": 443,
                    "protocol": "TCP"
                  }
                ],
                "readiness_probe": [],
                "secure_environment_variables": null,
                "volume": []
              }
            ],
            "diagnostics": [],
            "dns_config": [],
            "dns_name_label": "",
            "exposed_port": [
              {
                "port": 443,
                "protocol": "TCP"
              }
            ],
            "fqdn": "",
            "id": "/subscriptions/978f6c1e-29e0-4a74-a7a2-3d9ed59de883/resourceGroups/rg-terraform2/providers/Microsoft.ContainerInstance/containerGroups/example-continst",
            "identity": [],
            "image_registry_credential": [],
            "ip_address": "51.104.183.178",
            "ip_address_type": "Public",
            "location": "northeurope",
            "name": "example-continst",
            "network_profile_id": null,
            "os_type": "Linux",
            "resource_group_name": "rg-terraform2",
            "restart_policy": "Always",
            "tags": {
              "environment": "testing"
            },
            "timeouts": null
          },
          "sensitive_attributes": [],
          "private": "eyJlMmJmYjczMC1lY2FhLTExZTYtOGY4OC0zNDM2M2JjN2M0YzAiOnsiY3JlYXRlIjoxODAwMDAwMDAwMDAwLCJkZWxldGUiOjE4MDAwMDAwMDAwMDAsInJlYWQiOjMwMDAwMDAwMDAwMCwidXBkYXRlIjoxODAwMDAwMDAwMDAwfX0=",
          "dependencies": [
            "azurerm_resource_group.rgterraform"
          ]
        }
      ]
    },
    {
      "mode": "managed",
      "type": "azurerm_network_ddos_protection_plan",
      "name": "ddospplan",
      "provider": "provider[\"registry.terraform.io/hashicorp/azurerm\"]",
      "instances": [
        {
          "schema_version": 0,
          "attributes": {
            "id": "/subscriptions/978f6c1e-29e0-4a74-a7a2-3d9ed59de883/resourceGroups/rg-terraform2/providers/Microsoft.Network/ddosProtectionPlans/ddos-protection-plan",
            "location": "northeurope",
            "name": "ddos-protection-plan",
            "resource_group_name": "rg-terraform2",
            "tags": null,
            "timeouts": null,
            "virtual_network_ids": []
          },
          "sensitive_attributes": [],
          "private": "eyJlMmJmYjczMC1lY2FhLTExZTYtOGY4OC0zNDM2M2JjN2M0YzAiOnsiY3JlYXRlIjoxODAwMDAwMDAwMDAwLCJkZWxldGUiOjE4MDAwMDAwMDAwMDAsInJlYWQiOjMwMDAwMDAwMDAwMCwidXBkYXRlIjoxODAwMDAwMDAwMDAwfX0=",
          "dependencies": [
            "azurerm_resource_group.rgterraform"
          ]
        }
      ]
    },
    {
      "mode": "managed",
      "type": "azurerm_private_dns_zone",
      "name": "hz",
      "provider": "provider[\"registry.terraform.io/hashicorp/azurerm\"]",
      "instances": [
        {
          "schema_version": 0,
          "attributes": {
            "id": "/subscriptions/978f6c1e-29e0-4a74-a7a2-3d9ed59de883/resourceGroups/rg-terraform2/providers/Microsoft.Network/privateDnsZones/4ny96.northeurope.azure.confluent.cloud",
            "max_number_of_record_sets": 25000,
            "max_number_of_virtual_network_links": 1000,
            "max_number_of_virtual_network_links_with_registration": 100,
            "name": "4ny96.northeurope.azure.confluent.cloud",
            "number_of_record_sets": 1,
            "resource_group_name": "rg-terraform2",
            "soa_record": [
              {
                "email": "azureprivatedns-host.microsoft.com",
                "expire_time": 2419200,
                "fqdn": "4ny96.northeurope.azure.confluent.cloud.",
                "host_name": "azureprivatedns.net",
                "minimum_ttl": 10,
                "refresh_time": 3600,
                "retry_time": 300,
                "serial_number": 1,
                "tags": {},
                "ttl": 3600
              }
            ],
            "tags": null,
            "timeouts": null
          },
          "sensitive_attributes": [],
          "private": "eyJlMmJmYjczMC1lY2FhLTExZTYtOGY4OC0zNDM2M2JjN2M0YzAiOnsiY3JlYXRlIjoxODAwMDAwMDAwMDAwLCJkZWxldGUiOjE4MDAwMDAwMDAwMDAsInJlYWQiOjMwMDAwMDAwMDAwMCwidXBkYXRlIjoxODAwMDAwMDAwMDAwfX0=",
          "dependencies": [
            "azurerm_resource_group.rgterraform"
          ]
        }
      ]
    },
    {
      "mode": "managed",
      "type": "azurerm_private_dns_zone_virtual_network_link",
      "name": "hz",
      "provider": "provider[\"registry.terraform.io/hashicorp/azurerm\"]",
      "instances": [
        {
          "schema_version": 0,
          "attributes": {
            "id": "/subscriptions/978f6c1e-29e0-4a74-a7a2-3d9ed59de883/resourceGroups/rg-terraform2/providers/Microsoft.Network/privateDnsZones/4ny96.northeurope.azure.confluent.cloud/virtualNetworkLinks/vnet1",
            "name": "vnet1",
            "private_dns_zone_name": "4ny96.northeurope.azure.confluent.cloud",
            "registration_enabled": false,
            "resource_group_name": "rg-terraform2",
            "tags": null,
            "timeouts": null,
            "virtual_network_id": "/subscriptions/978f6c1e-29e0-4a74-a7a2-3d9ed59de883/resourceGroups/rg-terraform2/providers/Microsoft.Network/virtualNetworks/vnet1"
          },
          "sensitive_attributes": [],
          "private": "eyJlMmJmYjczMC1lY2FhLTExZTYtOGY4OC0zNDM2M2JjN2M0YzAiOnsiY3JlYXRlIjoxODAwMDAwMDAwMDAwLCJkZWxldGUiOjE4MDAwMDAwMDAwMDAsInJlYWQiOjMwMDAwMDAwMDAwMCwidXBkYXRlIjoxODAwMDAwMDAwMDAwfX0=",
          "dependencies": [
            "azurerm_network_ddos_protection_plan.ddospplan",
            "azurerm_private_dns_zone.hz",
            "azurerm_resource_group.rgterraform",
            "azurerm_virtual_network.vnet"
          ]
        }
      ]
    },
    {
      "mode": "managed",
      "type": "azurerm_private_endpoint",
      "name": "endpoint1",
      "provider": "provider[\"registry.terraform.io/hashicorp/azurerm\"]",
      "instances": [
        {
          "schema_version": 0,
          "attributes": {
            "custom_dns_configs": [],
            "id": "/subscriptions/978f6c1e-29e0-4a74-a7a2-3d9ed59de883/resourceGroups/rg-terraform2/providers/Microsoft.Network/privateEndpoints/confluent-4ny96-1",
            "location": "northeurope",
            "name": "confluent-4ny96-1",
            "private_dns_zone_configs": [],
            "private_dns_zone_group": [],
            "private_service_connection": [
              {
                "is_manual_connection": true,
                "name": "confluent-4ny96-1",
                "private_connection_resource_alias": "s-nm36j-privatelink-3.c2ce345a-1fd7-4d44-af27-6df1f19062f7.northeurope.azure.privatelinkservice",
                "private_connection_resource_id": "",
                "private_ip_address": "10.0.1.4",
                "request_message": "PL",
                "subresource_names": null
              }
            ],
            "resource_group_name": "rg-terraform2",
            "subnet_id": "/subscriptions/978f6c1e-29e0-4a74-a7a2-3d9ed59de883/resourceGroups/rg-terraform2/providers/Microsoft.Network/virtualNetworks/vnet1/subnets/subnet1",
            "tags": null,
            "timeouts": null
          },
          "sensitive_attributes": [],
          "private": "eyJlMmJmYjczMC1lY2FhLTExZTYtOGY4OC0zNDM2M2JjN2M0YzAiOnsiY3JlYXRlIjozNjAwMDAwMDAwMDAwLCJkZWxldGUiOjM2MDAwMDAwMDAwMDAsInJlYWQiOjMwMDAwMDAwMDAwMCwidXBkYXRlIjozNjAwMDAwMDAwMDAwfX0=",
          "dependencies": [
            "azurerm_network_ddos_protection_plan.ddospplan",
            "azurerm_resource_group.rgterraform",
            "azurerm_subnet.subnet",
            "azurerm_virtual_network.vnet"
          ]
        }
      ]
    },
    {
      "mode": "managed",
      "type": "azurerm_resource_group",
      "name": "rgterraform",
      "provider": "provider[\"registry.terraform.io/hashicorp/azurerm\"]",
      "instances": [
        {
          "schema_version": 0,
          "attributes": {
            "id": "/subscriptions/978f6c1e-29e0-4a74-a7a2-3d9ed59de883/resourceGroups/rg-terraform2",
            "location": "northeurope",
            "name": "rg-terraform2",
            "tags": null,
            "timeouts": null
          },
          "sensitive_attributes": [],
          "private": "eyJlMmJmYjczMC1lY2FhLTExZTYtOGY4OC0zNDM2M2JjN2M0YzAiOnsiY3JlYXRlIjo1NDAwMDAwMDAwMDAwLCJkZWxldGUiOjU0MDAwMDAwMDAwMDAsInJlYWQiOjMwMDAwMDAwMDAwMCwidXBkYXRlIjo1NDAwMDAwMDAwMDAwfX0="
        }
      ]
    },
    {
      "mode": "managed",
      "type": "azurerm_subnet",
      "name": "subnet",
      "provider": "provider[\"registry.terraform.io/hashicorp/azurerm\"]",
      "instances": [
        {
          "schema_version": 0,
          "attributes": {
            "address_prefix": "10.0.1.0/24",
            "address_prefixes": [
              "10.0.1.0/24"
            ],
            "delegation": [],
            "enforce_private_link_endpoint_network_policies": true,
            "enforce_private_link_service_network_policies": false,
            "id": "/subscriptions/978f6c1e-29e0-4a74-a7a2-3d9ed59de883/resourceGroups/rg-terraform2/providers/Microsoft.Network/virtualNetworks/vnet1/subnets/subnet1",
            "name": "subnet1",
            "resource_group_name": "rg-terraform2",
            "service_endpoint_policy_ids": null,
            "service_endpoints": null,
            "timeouts": null,
            "virtual_network_name": "vnet1"
          },
          "sensitive_attributes": [],
          "private": "eyJlMmJmYjczMC1lY2FhLTExZTYtOGY4OC0zNDM2M2JjN2M0YzAiOnsiY3JlYXRlIjoxODAwMDAwMDAwMDAwLCJkZWxldGUiOjE4MDAwMDAwMDAwMDAsInJlYWQiOjMwMDAwMDAwMDAwMCwidXBkYXRlIjoxODAwMDAwMDAwMDAwfX0=",
          "dependencies": [
            "azurerm_network_ddos_protection_plan.ddospplan",
            "azurerm_resource_group.rgterraform",
            "azurerm_virtual_network.vnet"
          ]
        }
      ]
    },
    {
      "mode": "managed",
      "type": "azurerm_virtual_network",
      "name": "vnet",
      "provider": "provider[\"registry.terraform.io/hashicorp/azurerm\"]",
      "instances": [
        {
          "schema_version": 0,
          "attributes": {
            "address_space": [
              "10.0.0.0/16"
            ],
            "bgp_community": "",
            "ddos_protection_plan": [
              {
                "enable": true,
                "id": "/subscriptions/978f6c1e-29e0-4a74-a7a2-3d9ed59de883/resourceGroups/rg-terraform2/providers/Microsoft.Network/ddosProtectionPlans/ddos-protection-plan"
              }
            ],
            "dns_servers": [
              "10.0.0.4",
              "10.0.0.5"
            ],
            "guid": "ec9a164b-74da-40cf-a27c-3239801f493f",
            "id": "/subscriptions/978f6c1e-29e0-4a74-a7a2-3d9ed59de883/resourceGroups/rg-terraform2/providers/Microsoft.Network/virtualNetworks/vnet1",
            "location": "northeurope",
            "name": "vnet1",
            "resource_group_name": "rg-terraform2",
            "subnet": [],
            "tags": {
              "environment": "PreProduktion"
            },
            "timeouts": null,
            "vm_protection_enabled": false
          },
          "sensitive_attributes": [],
          "private": "eyJlMmJmYjczMC1lY2FhLTExZTYtOGY4OC0zNDM2M2JjN2M0YzAiOnsiY3JlYXRlIjoxODAwMDAwMDAwMDAwLCJkZWxldGUiOjE4MDAwMDAwMDAwMDAsInJlYWQiOjMwMDAwMDAwMDAwMCwidXBkYXRlIjoxODAwMDAwMDAwMDAwfX0=",
          "dependencies": [
            "azurerm_network_ddos_protection_plan.ddospplan",
            "azurerm_resource_group.rgterraform"
          ]
        }
      ]
    }
  ]
}
